
Microsoft Visual Studio Solution File, Format Version 12.00
# Visual Studio 15
VisualStudioVersion = 15.0.27703.2018
MinimumVisualStudioVersion = 10.0.40219.1
Project("{FAE04EC0-301F-11D3-BF4B-00C04F79EFBC}") = "SecondSplitWise", "SecondSplitWise\SecondSplitWise.csproj", "{032EF75F-F996-464E-A55E-C6E34EF22CF7}"
EndProject
Global
	GlobalSection(SolutionConfigurationPlatforms) = preSolution
		Debug|Any CPU = Debug|Any CPU
		Release|Any CPU = Release|Any CPU
	EndGlobalSection
	GlobalSection(ProjectConfigurationPlatforms) = postSolution
		{032EF75F-F996-464E-A55E-C6E34EF22CF7}.Debug|Any CPU.ActiveCfg = Debug|Any CPU
		{032EF75F-F996-464E-A55E-C6E34EF22CF7}.Debug|Any CPU.Build.0 = Debug|Any CPU
		{032EF75F-F996-464E-A55E-C6E34EF22CF7}.Release|Any CPU.ActiveCfg = Release|Any CPU
		{032EF75F-F996-464E-A55E-C6E34EF22CF7}.Release|Any CPU.Build.0 = Release|Any CPU
	EndGlobalSection
	GlobalSection(SolutionProperties) = preSolution
		HideSolutionNode = FALSE
	EndGlobalSection
	GlobalSection(ExtensibilityGlobals) = postSolution
		SolutionGuid = {5B565747-9709-4C73-9EB6-A7AAA80E2CAA}
	EndGlobalSection
EndGlobal
